
Microsoft Visual Studio Solution File, Format Version 12.00
# Visual Studio Version 17
VisualStudioVersion = 17.5.002.0
MinimumVisualStudioVersion = 10.0.40219.1
Project("{9A19103F-16F7-4668-BE54-9A1E7A4F7556}") = "AppConHilos3", "AppConHilos3.csproj", "{04FE9980-2C69-4633-9277-32BD93B0ACB0}"
EndProject
Global
	GlobalSection(SolutionConfigurationPlatforms) = preSolution
		Debug|Any CPU = Debug|Any CPU
		Release|Any CPU = Release|Any CPU
	EndGlobalSection
	GlobalSection(ProjectConfigurationPlatforms) = postSolution
		{04FE9980-2C69-4633-9277-32BD93B0ACB0}.Debug|Any CPU.ActiveCfg = Debug|Any CPU
		{04FE9980-2C69-4633-9277-32BD93B0ACB0}.Debug|Any CPU.Build.0 = Debug|Any CPU
		{04FE9980-2C69-4633-9277-32BD93B0ACB0}.Release|Any CPU.ActiveCfg = Release|Any CPU
		{04FE9980-2C69-4633-9277-32BD93B0ACB0}.Release|Any CPU.Build.0 = Release|Any CPU
	EndGlobalSection
	GlobalSection(SolutionProperties) = preSolution
		HideSolutionNode = FALSE
	EndGlobalSection
	GlobalSection(ExtensibilityGlobals) = postSolution
		SolutionGuid = {29D208DE-0528-497C-884C-C0A86BC78261}
	EndGlobalSection
EndGlobal
