
Microsoft Visual Studio Solution File, Format Version 12.00
# Visual Studio Version 17
VisualStudioVersion = 17.5.002.0
MinimumVisualStudioVersion = 10.0.40219.1
Project("{9A19103F-16F7-4668-BE54-9A1E7A4F7556}") = "AppConHilos", "AppConHilos.csproj", "{7FFB7267-FC46-4122-9A6E-E26326FD9652}"
EndProject
Global
	GlobalSection(SolutionConfigurationPlatforms) = preSolution
		Debug|Any CPU = Debug|Any CPU
		Release|Any CPU = Release|Any CPU
	EndGlobalSection
	GlobalSection(ProjectConfigurationPlatforms) = postSolution
		{7FFB7267-FC46-4122-9A6E-E26326FD9652}.Debug|Any CPU.ActiveCfg = Debug|Any CPU
		{7FFB7267-FC46-4122-9A6E-E26326FD9652}.Debug|Any CPU.Build.0 = Debug|Any CPU
		{7FFB7267-FC46-4122-9A6E-E26326FD9652}.Release|Any CPU.ActiveCfg = Release|Any CPU
		{7FFB7267-FC46-4122-9A6E-E26326FD9652}.Release|Any CPU.Build.0 = Release|Any CPU
	EndGlobalSection
	GlobalSection(SolutionProperties) = preSolution
		HideSolutionNode = FALSE
	EndGlobalSection
	GlobalSection(ExtensibilityGlobals) = postSolution
		SolutionGuid = {80E2074D-4555-4B6C-957E-C935809D8A30}
	EndGlobalSection
EndGlobal
